{
    "version": 3,
    "terraform_version": "0.11.11",
    "serial": 8,
    "lineage": "d74ab48c-68c2-0d97-d8ac-406d235f057b",
    "modules": [
        {
            "path": [
                "root"
            ],
            "outputs": {
                "App_Server_URL": {
                    "sensitive": false,
                    "type": "string",
                    "value": "http://"
                },
                "public_dns": {
                    "sensitive": false,
                    "type": "string",
                    "value": ""
                }
            },
            "resources": {
                "azurerm_virtual_machine.main": {
                    "type": "azurerm_virtual_machine",
                    "depends_on": [
                        "data.azurerm_network_interface.main",
                        "data.azurerm_public_ip.main",
                        "data.azurerm_resource_group.main"
                    ],
                    "primary": {
                        "id": "/subscriptions/ac21bb9c-7b96-4053-b778-eab127a7b3e8/resourceGroups/temp-test/providers/Microsoft.Compute/virtualMachines/onsabimana-vm",
                        "attributes": {
                            "delete_data_disks_on_termination": "true",
                            "delete_os_disk_on_termination": "true",
                            "id": "/subscriptions/ac21bb9c-7b96-4053-b778-eab127a7b3e8/resourceGroups/temp-test/providers/Microsoft.Compute/virtualMachines/onsabimana-vm",
                            "identity.#": "0",
                            "location": "centralus",
                            "name": "onsabimana-vm",
                            "network_interface_ids.#": "1",
                            "network_interface_ids.0": "/subscriptions/ac21bb9c-7b96-4053-b778-eab127a7b3e8/resourceGroups/temp-test/providers/Microsoft.Network/networkInterfaces/myVMVMNic",
                            "os_profile.#": "1",
                            "os_profile.2118550978.admin_password": "",
                            "os_profile.2118550978.admin_username": "adminuser",
                            "os_profile.2118550978.computer_name": "hostname",
                            "os_profile.2118550978.custom_data": "",
                            "os_profile_linux_config.#": "1",
                            "os_profile_linux_config.69840937.disable_password_authentication": "true",
                            "os_profile_linux_config.69840937.ssh_keys.#": "1",
                            "os_profile_linux_config.69840937.ssh_keys.0.key_data": "ssh-rsa AAAAB3NzaC1yc2EAAAADAQABAAABAQDtgrrKajH+9I9y3LOJjIiSokZGY7KPAcP0cxO26vnSA/oxizglKUqttHpEX5Zr4vpt7xkiIht0pq4t4Mp4bOBgyLKq4ghL7vDrziGqsnHWxXcmtKWq6c4uBAl3v2iG7UC3DQRD4rT25FHQxnt39Um0aL2h6PQV2UymfhBkRvP0Y136J2jMyJqEcsf3Mgmgk+i3wyUDDjPSFFhkMpAd7rCtClY0AOS557zT71Cd2n7UZdaZVCs4OW++t6jx/1pwLaKWJkXU3q6I7xANNonFJF40lkwOhH6FdHXE2aVU7c+XAIOukQDGGLE/dqre4DumcXK3DQrouRVnLfvTBm27kjq/ oliviernsabimana@owk\n",
                            "os_profile_linux_config.69840937.ssh_keys.0.path": "/home/adminuser/.ssh/authorized_keys",
                            "os_profile_secrets.#": "0",
                            "os_profile_windows_config.#": "0",
                            "plan.#": "0",
                            "resource_group_name": "temp-test",
                            "storage_data_disk.#": "0",
                            "storage_image_reference.#": "1",
                            "storage_image_reference.1458860473.id": "",
                            "storage_image_reference.1458860473.offer": "UbuntuServer",
                            "storage_image_reference.1458860473.publisher": "Canonical",
                            "storage_image_reference.1458860473.sku": "16.04-LTS",
                            "storage_image_reference.1458860473.version": "latest",
                            "storage_os_disk.#": "1",
                            "storage_os_disk.0.caching": "ReadWrite",
                            "storage_os_disk.0.create_option": "FromImage",
                            "storage_os_disk.0.disk_size_gb": "30",
                            "storage_os_disk.0.image_uri": "",
                            "storage_os_disk.0.managed_disk_id": "/subscriptions/ac21bb9c-7b96-4053-b778-eab127a7b3e8/resourceGroups/temp-test/providers/Microsoft.Compute/disks/myosdisk1",
                            "storage_os_disk.0.managed_disk_type": "Standard_LRS",
                            "storage_os_disk.0.name": "myosdisk1",
                            "storage_os_disk.0.os_type": "Linux",
                            "storage_os_disk.0.vhd_uri": "",
                            "storage_os_disk.0.write_accelerator_enabled": "false",
                            "tags.%": "1",
                            "tags.environment": "test",
                            "vm_size": "Standard_DS1_v2",
                            "zones.#": "0"
                        },
                        "meta": {},
                        "tainted": true
                    },
                    "deposed": [],
                    "provider": "provider.azurerm"
                },
                "data.azurerm_network_interface.main": {
                    "type": "azurerm_network_interface",
                    "depends_on": [
                        "data.azurerm_resource_group.main"
                    ],
                    "primary": {
                        "id": "/subscriptions/ac21bb9c-7b96-4053-b778-eab127a7b3e8/resourceGroups/temp-test/providers/Microsoft.Network/networkInterfaces/myVMVMNic",
                        "attributes": {
                            "applied_dns_servers.#": "0",
                            "dns_servers.#": "0",
                            "enable_accelerated_networking": "false",
                            "enable_ip_forwarding": "false",
                            "id": "/subscriptions/ac21bb9c-7b96-4053-b778-eab127a7b3e8/resourceGroups/temp-test/providers/Microsoft.Network/networkInterfaces/myVMVMNic",
                            "internal_dns_name_label": "",
                            "internal_fqdn": "",
                            "ip_configuration.#": "1",
                            "ip_configuration.0.application_gateway_backend_address_pools_ids.#": "0",
                            "ip_configuration.0.application_security_group_ids.#": "0",
                            "ip_configuration.0.load_balancer_backend_address_pools_ids.#": "0",
                            "ip_configuration.0.load_balancer_inbound_nat_rules_ids.#": "0",
                            "ip_configuration.0.name": "ipconfigmyVM",
                            "ip_configuration.0.primary": "true",
                            "ip_configuration.0.private_ip_address": "",
                            "ip_configuration.0.private_ip_address_allocation": "dynamic",
                            "ip_configuration.0.private_ip_address_version": "IPv4",
                            "ip_configuration.0.public_ip_address_id": "/subscriptions/ac21bb9c-7b96-4053-b778-eab127a7b3e8/resourceGroups/temp-test/providers/Microsoft.Network/publicIPAddresses/myVMPublicIP",
                            "ip_configuration.0.subnet_id": "/subscriptions/ac21bb9c-7b96-4053-b778-eab127a7b3e8/resourceGroups/temp-test/providers/Microsoft.Network/virtualNetworks/myVMVNET/subnets/myVMSubnet",
                            "location": "centralus",
                            "mac_address": "00-0D-3A-93-66-92",
                            "name": "myVMVMNic",
                            "network_security_group_id": "/subscriptions/ac21bb9c-7b96-4053-b778-eab127a7b3e8/resourceGroups/temp-test/providers/Microsoft.Network/networkSecurityGroups/myVMNSG",
                            "private_ip_address": "10.0.0.4",
                            "private_ip_addresses.#": "1",
                            "private_ip_addresses.0": "10.0.0.4",
                            "resource_group_name": "temp-test",
                            "tags.%": "0",
                            "virtual_machine_id": ""
                        },
                        "meta": {},
                        "tainted": false
                    },
                    "deposed": [],
                    "provider": "provider.azurerm"
                },
                "data.azurerm_public_ip.main": {
                    "type": "azurerm_public_ip",
                    "depends_on": [
                        "data.azurerm_resource_group.main"
                    ],
                    "primary": {
                        "id": "/subscriptions/ac21bb9c-7b96-4053-b778-eab127a7b3e8/resourceGroups/temp-test/providers/Microsoft.Network/publicIPAddresses/myVMPublicIP",
                        "attributes": {
                            "allocation_method": "Dynamic",
                            "domain_name_label": "",
                            "fqdn": "",
                            "id": "/subscriptions/ac21bb9c-7b96-4053-b778-eab127a7b3e8/resourceGroups/temp-test/providers/Microsoft.Network/publicIPAddresses/myVMPublicIP",
                            "idle_timeout_in_minutes": "4",
                            "ip_address": "",
                            "ip_version": "IPv4",
                            "location": "centralus",
                            "name": "myVMPublicIP",
                            "resource_group_name": "temp-test",
                            "reverse_fqdn": "",
                            "sku": "Basic",
                            "tags.%": "0",
                            "zones.#": "0"
                        },
                        "meta": {},
                        "tainted": false
                    },
                    "deposed": [],
                    "provider": "provider.azurerm"
                },
                "data.azurerm_resource_group.main": {
                    "type": "azurerm_resource_group",
                    "depends_on": [],
                    "primary": {
                        "id": "/subscriptions/ac21bb9c-7b96-4053-b778-eab127a7b3e8/resourceGroups/temp-test",
                        "attributes": {
                            "id": "/subscriptions/ac21bb9c-7b96-4053-b778-eab127a7b3e8/resourceGroups/temp-test",
                            "location": "centralus",
                            "name": "temp-test",
                            "tags.%": "1",
                            "tags.environment": "JettyServer"
                        },
                        "meta": {},
                        "tainted": false
                    },
                    "deposed": [],
                    "provider": "provider.azurerm"
                }
            },
            "depends_on": []
        }
    ]
}
